
Microsoft Visual Studio Solution File, Format Version 12.00
# Visual Studio Version 17
VisualStudioVersion = 17.2.32616.157
MinimumVisualStudioVersion = 10.0.40219.1
Project("{FAE04EC0-301F-11D3-BF4B-00C04F79EFBC}") = "PhoneBook", "PhoneBook\PhoneBook.csproj", "{C0955B24-A085-4320-ACB4-2B744498810C}"
EndProject
Global
	GlobalSection(SolutionConfigurationPlatforms) = preSolution
		Debug|Any CPU = Debug|Any CPU
		Release|Any CPU = Release|Any CPU
	EndGlobalSection
	GlobalSection(ProjectConfigurationPlatforms) = postSolution
		{C0955B24-A085-4320-ACB4-2B744498810C}.Debug|Any CPU.ActiveCfg = Debug|Any CPU
		{C0955B24-A085-4320-ACB4-2B744498810C}.Debug|Any CPU.Build.0 = Debug|Any CPU
		{C0955B24-A085-4320-ACB4-2B744498810C}.Release|Any CPU.ActiveCfg = Release|Any CPU
		{C0955B24-A085-4320-ACB4-2B744498810C}.Release|Any CPU.Build.0 = Release|Any CPU
	EndGlobalSection
	GlobalSection(SolutionProperties) = preSolution
		HideSolutionNode = FALSE
	EndGlobalSection
	GlobalSection(ExtensibilityGlobals) = postSolution
		SolutionGuid = {AA955E84-DE97-4D6C-990B-9265190ACB59}
	EndGlobalSection
EndGlobal
